
Microsoft Visual Studio Solution File, Format Version 12.00
# Visual Studio Version 16
VisualStudioVersion = 16.0.29326.143
MinimumVisualStudioVersion = 10.0.40219.1
Project("{9A19103F-16F7-4668-BE54-9A1E7A4F7556}") = "AppDataService", "AppDataService\AppDataService.csproj", "{F4C054C8-F42B-45F4-9716-55456585FF9C}"
EndProject
Project("{FAE04EC0-301F-11D3-BF4B-00C04F79EFBC}") = "TimerService", "TimerService\TimerService.csproj", "{56276014-AAA9-4CF7-A697-CD9C5D1044DF}"
EndProject
Global
	GlobalSection(SolutionConfigurationPlatforms) = preSolution
		Debug|Any CPU = Debug|Any CPU
		Release|Any CPU = Release|Any CPU
	EndGlobalSection
	GlobalSection(ProjectConfigurationPlatforms) = postSolution
		{F4C054C8-F42B-45F4-9716-55456585FF9C}.Debug|Any CPU.ActiveCfg = Debug|Any CPU
		{F4C054C8-F42B-45F4-9716-55456585FF9C}.Debug|Any CPU.Build.0 = Debug|Any CPU
		{F4C054C8-F42B-45F4-9716-55456585FF9C}.Release|Any CPU.ActiveCfg = Release|Any CPU
		{F4C054C8-F42B-45F4-9716-55456585FF9C}.Release|Any CPU.Build.0 = Release|Any CPU
		{56276014-AAA9-4CF7-A697-CD9C5D1044DF}.Debug|Any CPU.ActiveCfg = Debug|Any CPU
		{56276014-AAA9-4CF7-A697-CD9C5D1044DF}.Debug|Any CPU.Build.0 = Debug|Any CPU
		{56276014-AAA9-4CF7-A697-CD9C5D1044DF}.Release|Any CPU.ActiveCfg = Release|Any CPU
		{56276014-AAA9-4CF7-A697-CD9C5D1044DF}.Release|Any CPU.Build.0 = Release|Any CPU
	EndGlobalSection
	GlobalSection(SolutionProperties) = preSolution
		HideSolutionNode = FALSE
	EndGlobalSection
	GlobalSection(ExtensibilityGlobals) = postSolution
		SolutionGuid = {D270002E-8B15-444E-B279-725D684A6579}
	EndGlobalSection
EndGlobal
